
Microsoft Visual Studio Solution File, Format Version 12.00
# Visual Studio Version 17
VisualStudioVersion = 17.9.34902.65
MinimumVisualStudioVersion = 10.0.40219.1
Project("{FAE04EC0-301F-11D3-BF4B-00C04F79EFBC}") = "Tienda.Microservicios.Categoria", "Tienda.Microservicios.Categoria\Tienda.Microservicios.Categoria.csproj", "{1B007A20-B45F-400C-A133-E05741639B53}"
EndProject
Global
	GlobalSection(SolutionConfigurationPlatforms) = preSolution
		Debug|Any CPU = Debug|Any CPU
		Release|Any CPU = Release|Any CPU
	EndGlobalSection
	GlobalSection(ProjectConfigurationPlatforms) = postSolution
		{1B007A20-B45F-400C-A133-E05741639B53}.Debug|Any CPU.ActiveCfg = Debug|Any CPU
		{1B007A20-B45F-400C-A133-E05741639B53}.Debug|Any CPU.Build.0 = Debug|Any CPU
		{1B007A20-B45F-400C-A133-E05741639B53}.Release|Any CPU.ActiveCfg = Release|Any CPU
		{1B007A20-B45F-400C-A133-E05741639B53}.Release|Any CPU.Build.0 = Release|Any CPU
	EndGlobalSection
	GlobalSection(SolutionProperties) = preSolution
		HideSolutionNode = FALSE
	EndGlobalSection
	GlobalSection(ExtensibilityGlobals) = postSolution
		SolutionGuid = {7ECC42DF-FCA5-4C85-8161-639BDFBB0159}
	EndGlobalSection
EndGlobal
